
Microsoft Visual Studio Solution File, Format Version 12.00
# Visual Studio 15
VisualStudioVersion = 15.0.28307.572
MinimumVisualStudioVersion = 10.0.40219.1
Project("{FAE04EC0-301F-11D3-BF4B-00C04F79EFBC}") = "MyWPFApp", "MyWPFApp\MyWPFApp.csproj", "{70E741FC-7109-4E8A-BE80-D858320CA0E6}"
EndProject
Global
	GlobalSection(SolutionConfigurationPlatforms) = preSolution
		Debug|Any CPU = Debug|Any CPU
		Release|Any CPU = Release|Any CPU
	EndGlobalSection
	GlobalSection(ProjectConfigurationPlatforms) = postSolution
		{70E741FC-7109-4E8A-BE80-D858320CA0E6}.Debug|Any CPU.ActiveCfg = Debug|Any CPU
		{70E741FC-7109-4E8A-BE80-D858320CA0E6}.Debug|Any CPU.Build.0 = Debug|Any CPU
		{70E741FC-7109-4E8A-BE80-D858320CA0E6}.Release|Any CPU.ActiveCfg = Release|Any CPU
		{70E741FC-7109-4E8A-BE80-D858320CA0E6}.Release|Any CPU.Build.0 = Release|Any CPU
	EndGlobalSection
	GlobalSection(SolutionProperties) = preSolution
		HideSolutionNode = FALSE
	EndGlobalSection
	GlobalSection(ExtensibilityGlobals) = postSolution
		SolutionGuid = {396B2BD9-40D3-40C3-B5DD-DEC1B9881962}
	EndGlobalSection
EndGlobal
